{
  "name": "profile-gen",
  "version": "0.1.0",
  "lockfileVersion": 2,
  "requires": true,
  "packages": {
    "": {
      "name": "profile-gen",
      "version": "0.1.0",
      "dependencies": {
        "fs": "^0.0.1-security",
        "profile-gen": "^0.1.0"
      },
      "devDependencies": {
        "@types/node": "^14.14.37"
      }
    },
    "node_modules/@types/node": {
      "version": "14.14.37",
      "resolved": "https://registry.npmjs.org/@types/node/-/node-14.14.37.tgz",
      "integrity": "sha512-XYmBiy+ohOR4Lh5jE379fV2IU+6Jn4g5qASinhitfyO71b/sCo6MKsMLF5tc7Zf2CE8hViVQyYSobJNke8OvUw==",
      "dev": true
    },
    "node_modules/fs": {
      "version": "0.0.1-security",
      "resolved": "https://registry.npmjs.org/fs/-/fs-0.0.1-security.tgz",
      "integrity": "sha1-invTcYa23d84E/I4WLV+yq9eQdQ="
    },
    "node_modules/profile-gen": {
      "version": "0.1.0",
      "resolved": "https://registry.npmjs.org/profile-gen/-/profile-gen-0.1.0.tgz",
      "integrity": "sha512-2CPkiZTxzJJe7KzxxolpwwgP+hoOuZwxuexRiv6zuHel2pez9Bf+3tqJbt6jay1gH9uBNCW83vZqhIaQWopDtQ==",
      "dependencies": {
        "fs": "^0.0.1-security"
      }
    }
  },
  "dependencies": {
    "@types/node": {
      "version": "14.14.37",
      "resolved": "https://registry.npmjs.org/@types/node/-/node-14.14.37.tgz",
      "integrity": "sha512-XYmBiy+ohOR4Lh5jE379fV2IU+6Jn4g5qASinhitfyO71b/sCo6MKsMLF5tc7Zf2CE8hViVQyYSobJNke8OvUw==",
      "dev": true
    },
    "fs": {
      "version": "0.0.1-security",
      "resolved": "https://registry.npmjs.org/fs/-/fs-0.0.1-security.tgz",
      "integrity": "sha1-invTcYa23d84E/I4WLV+yq9eQdQ="
    },
    "profile-gen": {
      "version": "0.1.0",
      "resolved": "https://registry.npmjs.org/profile-gen/-/profile-gen-0.1.0.tgz",
      "integrity": "sha512-2CPkiZTxzJJe7KzxxolpwwgP+hoOuZwxuexRiv6zuHel2pez9Bf+3tqJbt6jay1gH9uBNCW83vZqhIaQWopDtQ==",
      "requires": {
        "fs": "^0.0.1-security"
      }
    }
  }
}
